
Microsoft Visual Studio Solution File, Format Version 12.00
# Visual Studio Version 17
VisualStudioVersion = 17.1.32319.34
MinimumVisualStudioVersion = 10.0.40219.1
Project("{FAE04EC0-301F-11D3-BF4B-00C04F79EFBC}") = "Ponavljanje1", "Ponavljanje1.csproj", "{773AFB45-E0F5-407D-BF56-1655FBB64157}"
EndProject
Global
	GlobalSection(SolutionConfigurationPlatforms) = preSolution
		Debug|Any CPU = Debug|Any CPU
		Release|Any CPU = Release|Any CPU
	EndGlobalSection
	GlobalSection(ProjectConfigurationPlatforms) = postSolution
		{773AFB45-E0F5-407D-BF56-1655FBB64157}.Debug|Any CPU.ActiveCfg = Debug|Any CPU
		{773AFB45-E0F5-407D-BF56-1655FBB64157}.Debug|Any CPU.Build.0 = Debug|Any CPU
		{773AFB45-E0F5-407D-BF56-1655FBB64157}.Release|Any CPU.ActiveCfg = Release|Any CPU
		{773AFB45-E0F5-407D-BF56-1655FBB64157}.Release|Any CPU.Build.0 = Release|Any CPU
	EndGlobalSection
	GlobalSection(SolutionProperties) = preSolution
		HideSolutionNode = FALSE
	EndGlobalSection
	GlobalSection(ExtensibilityGlobals) = postSolution
		SolutionGuid = {5D84F24C-0B3B-419F-B4A7-0C4EDC432B58}
	EndGlobalSection
EndGlobal
